
Microsoft Visual Studio Solution File, Format Version 12.00
# Visual Studio Version 16
VisualStudioVersion = 16.0.30406.217
MinimumVisualStudioVersion = 10.0.40219.1
Project("{9A19103F-16F7-4668-BE54-9A1E7A4F7556}") = "JWT.API", "JWT.API\JWT.API.csproj", "{D2D46CEC-AB48-4EBF-A24E-49F8C4D7DF3D}"
EndProject
Project("{9A19103F-16F7-4668-BE54-9A1E7A4F7556}") = "JTW.MVC", "JTW.MVC\JTW.MVC.csproj", "{33226640-189D-4019-9D6D-58D281FD30B3}"
EndProject
Project("{FAE04EC0-301F-11D3-BF4B-00C04F79EFBC}") = "JWTSecurity.API", "JWTSecurity.API\JWTSecurity.API.csproj", "{1D85CE67-00B6-41D2-8DA8-F3CC5095D5EE}"
EndProject
Global
	GlobalSection(SolutionConfigurationPlatforms) = preSolution
		Debug|Any CPU = Debug|Any CPU
		Release|Any CPU = Release|Any CPU
	EndGlobalSection
	GlobalSection(ProjectConfigurationPlatforms) = postSolution
		{D2D46CEC-AB48-4EBF-A24E-49F8C4D7DF3D}.Debug|Any CPU.ActiveCfg = Debug|Any CPU
		{D2D46CEC-AB48-4EBF-A24E-49F8C4D7DF3D}.Debug|Any CPU.Build.0 = Debug|Any CPU
		{D2D46CEC-AB48-4EBF-A24E-49F8C4D7DF3D}.Release|Any CPU.ActiveCfg = Release|Any CPU
		{D2D46CEC-AB48-4EBF-A24E-49F8C4D7DF3D}.Release|Any CPU.Build.0 = Release|Any CPU
		{33226640-189D-4019-9D6D-58D281FD30B3}.Debug|Any CPU.ActiveCfg = Debug|Any CPU
		{33226640-189D-4019-9D6D-58D281FD30B3}.Debug|Any CPU.Build.0 = Debug|Any CPU
		{33226640-189D-4019-9D6D-58D281FD30B3}.Release|Any CPU.ActiveCfg = Release|Any CPU
		{33226640-189D-4019-9D6D-58D281FD30B3}.Release|Any CPU.Build.0 = Release|Any CPU
		{1D85CE67-00B6-41D2-8DA8-F3CC5095D5EE}.Debug|Any CPU.ActiveCfg = Debug|Any CPU
		{1D85CE67-00B6-41D2-8DA8-F3CC5095D5EE}.Debug|Any CPU.Build.0 = Debug|Any CPU
		{1D85CE67-00B6-41D2-8DA8-F3CC5095D5EE}.Release|Any CPU.ActiveCfg = Release|Any CPU
		{1D85CE67-00B6-41D2-8DA8-F3CC5095D5EE}.Release|Any CPU.Build.0 = Release|Any CPU
	EndGlobalSection
	GlobalSection(SolutionProperties) = preSolution
		HideSolutionNode = FALSE
	EndGlobalSection
	GlobalSection(ExtensibilityGlobals) = postSolution
		SolutionGuid = {855A39BE-AFF4-4F41-AEB9-DB879E706AD5}
	EndGlobalSection
EndGlobal
